
Microsoft Visual Studio Solution File, Format Version 12.00
# Visual Studio Version 16
VisualStudioVersion = 16.0.30907.101
MinimumVisualStudioVersion = 10.0.40219.1
Project("{FAE04EC0-301F-11D3-BF4B-00C04F79EFBC}") = "Employee Array", "Employee Array.csproj", "{347BD03D-CF60-4C7B-A430-326DA5EFBC02}"
EndProject
Global
	GlobalSection(SolutionConfigurationPlatforms) = preSolution
		Debug|Any CPU = Debug|Any CPU
		Release|Any CPU = Release|Any CPU
	EndGlobalSection
	GlobalSection(ProjectConfigurationPlatforms) = postSolution
		{347BD03D-CF60-4C7B-A430-326DA5EFBC02}.Debug|Any CPU.ActiveCfg = Debug|Any CPU
		{347BD03D-CF60-4C7B-A430-326DA5EFBC02}.Debug|Any CPU.Build.0 = Debug|Any CPU
		{347BD03D-CF60-4C7B-A430-326DA5EFBC02}.Release|Any CPU.ActiveCfg = Release|Any CPU
		{347BD03D-CF60-4C7B-A430-326DA5EFBC02}.Release|Any CPU.Build.0 = Release|Any CPU
	EndGlobalSection
	GlobalSection(SolutionProperties) = preSolution
		HideSolutionNode = FALSE
	EndGlobalSection
	GlobalSection(ExtensibilityGlobals) = postSolution
		SolutionGuid = {76D801D4-B000-4E6D-B1C9-11911374D6F1}
	EndGlobalSection
EndGlobal
