
Microsoft Visual Studio Solution File, Format Version 12.00
# Visual Studio Version 16
VisualStudioVersion = 16.0.31025.194
MinimumVisualStudioVersion = 10.0.40219.1
Project("{FAE04EC0-301F-11D3-BF4B-00C04F79EFBC}") = "Opg. 10 - Self-Checkout", "Opg. 10 - Self-Checkout.csproj", "{A8B000A3-5282-4986-B882-E4B8EC8BF09E}"
EndProject
Global
	GlobalSection(SolutionConfigurationPlatforms) = preSolution
		Debug|Any CPU = Debug|Any CPU
		Release|Any CPU = Release|Any CPU
	EndGlobalSection
	GlobalSection(ProjectConfigurationPlatforms) = postSolution
		{A8B000A3-5282-4986-B882-E4B8EC8BF09E}.Debug|Any CPU.ActiveCfg = Debug|Any CPU
		{A8B000A3-5282-4986-B882-E4B8EC8BF09E}.Debug|Any CPU.Build.0 = Debug|Any CPU
		{A8B000A3-5282-4986-B882-E4B8EC8BF09E}.Release|Any CPU.ActiveCfg = Release|Any CPU
		{A8B000A3-5282-4986-B882-E4B8EC8BF09E}.Release|Any CPU.Build.0 = Release|Any CPU
	EndGlobalSection
	GlobalSection(SolutionProperties) = preSolution
		HideSolutionNode = FALSE
	EndGlobalSection
	GlobalSection(ExtensibilityGlobals) = postSolution
		SolutionGuid = {73F728B5-2C47-43B0-AE6A-2874F082240C}
	EndGlobalSection
EndGlobal
