
Microsoft Visual Studio Solution File, Format Version 12.00
# Visual Studio Version 16
VisualStudioVersion = 16.0.31025.194
MinimumVisualStudioVersion = 10.0.40219.1
Project("{FAE04EC0-301F-11D3-BF4B-00C04F79EFBC}") = "Opg. 13 - Compound Interest", "Opg. 13 - Compound Interest.csproj", "{5753094C-8D6D-41D7-92F0-EA8FE4AC9258}"
EndProject
Global
	GlobalSection(SolutionConfigurationPlatforms) = preSolution
		Debug|Any CPU = Debug|Any CPU
		Release|Any CPU = Release|Any CPU
	EndGlobalSection
	GlobalSection(ProjectConfigurationPlatforms) = postSolution
		{5753094C-8D6D-41D7-92F0-EA8FE4AC9258}.Debug|Any CPU.ActiveCfg = Debug|Any CPU
		{5753094C-8D6D-41D7-92F0-EA8FE4AC9258}.Debug|Any CPU.Build.0 = Debug|Any CPU
		{5753094C-8D6D-41D7-92F0-EA8FE4AC9258}.Release|Any CPU.ActiveCfg = Release|Any CPU
		{5753094C-8D6D-41D7-92F0-EA8FE4AC9258}.Release|Any CPU.Build.0 = Release|Any CPU
	EndGlobalSection
	GlobalSection(SolutionProperties) = preSolution
		HideSolutionNode = FALSE
	EndGlobalSection
	GlobalSection(ExtensibilityGlobals) = postSolution
		SolutionGuid = {15A3FC89-CE23-4CED-A5ED-B27AF839C5B3}
	EndGlobalSection
EndGlobal
