
Microsoft Visual Studio Solution File, Format Version 12.00
# Visual Studio Version 16
VisualStudioVersion = 16.0.30517.126
MinimumVisualStudioVersion = 10.0.40219.1
Project("{FAE04EC0-301F-11D3-BF4B-00C04F79EFBC}") = "Opg. 47 - Who's in Space", "Opg. 47 - Who's in Space.csproj", "{E8B9F03A-C92A-4FF4-9371-5D8169CD7DB2}"
EndProject
Global
	GlobalSection(SolutionConfigurationPlatforms) = preSolution
		Debug|Any CPU = Debug|Any CPU
		Release|Any CPU = Release|Any CPU
	EndGlobalSection
	GlobalSection(ProjectConfigurationPlatforms) = postSolution
		{E8B9F03A-C92A-4FF4-9371-5D8169CD7DB2}.Debug|Any CPU.ActiveCfg = Debug|Any CPU
		{E8B9F03A-C92A-4FF4-9371-5D8169CD7DB2}.Debug|Any CPU.Build.0 = Debug|Any CPU
		{E8B9F03A-C92A-4FF4-9371-5D8169CD7DB2}.Release|Any CPU.ActiveCfg = Release|Any CPU
		{E8B9F03A-C92A-4FF4-9371-5D8169CD7DB2}.Release|Any CPU.Build.0 = Release|Any CPU
	EndGlobalSection
	GlobalSection(SolutionProperties) = preSolution
		HideSolutionNode = FALSE
	EndGlobalSection
	GlobalSection(ExtensibilityGlobals) = postSolution
		SolutionGuid = {0D8DBEBD-41C6-4DCC-9DDB-D5EC636002A3}
	EndGlobalSection
EndGlobal
