
Microsoft Visual Studio Solution File, Format Version 12.00
# Visual Studio Version 16
VisualStudioVersion = 16.0.30517.126
MinimumVisualStudioVersion = 10.0.40219.1
Project("{FAE04EC0-301F-11D3-BF4B-00C04F79EFBC}") = "Opg. 35 - Picking a Winner", "Opg. 35 - Picking a Winner.csproj", "{1B1DA200-5191-42A9-AF85-9FEC2A867067}"
EndProject
Global
	GlobalSection(SolutionConfigurationPlatforms) = preSolution
		Debug|Any CPU = Debug|Any CPU
		Release|Any CPU = Release|Any CPU
	EndGlobalSection
	GlobalSection(ProjectConfigurationPlatforms) = postSolution
		{1B1DA200-5191-42A9-AF85-9FEC2A867067}.Debug|Any CPU.ActiveCfg = Debug|Any CPU
		{1B1DA200-5191-42A9-AF85-9FEC2A867067}.Debug|Any CPU.Build.0 = Debug|Any CPU
		{1B1DA200-5191-42A9-AF85-9FEC2A867067}.Release|Any CPU.ActiveCfg = Release|Any CPU
		{1B1DA200-5191-42A9-AF85-9FEC2A867067}.Release|Any CPU.Build.0 = Release|Any CPU
	EndGlobalSection
	GlobalSection(SolutionProperties) = preSolution
		HideSolutionNode = FALSE
	EndGlobalSection
	GlobalSection(ExtensibilityGlobals) = postSolution
		SolutionGuid = {BEDC8291-36BA-4802-B405-5F81D14A723C}
	EndGlobalSection
EndGlobal
