
Microsoft Visual Studio Solution File, Format Version 12.00
# Visual Studio Version 16
VisualStudioVersion = 16.0.30517.126
MinimumVisualStudioVersion = 10.0.40219.1
Project("{FAE04EC0-301F-11D3-BF4B-00C04F79EFBC}") = "OPG42ParsingADataFile", "OPG42ParsingADataFile.csproj", "{5834439F-74FB-49D7-B02B-6DE96722B87B}"
EndProject
Project("{FAE04EC0-301F-11D3-BF4B-00C04F79EFBC}") = "Singleton Project", "Singleton Project\Singleton Project.csproj", "{06688151-F191-452E-9BAE-12CADD1FA1F5}"
EndProject
Global
	GlobalSection(SolutionConfigurationPlatforms) = preSolution
		Debug|Any CPU = Debug|Any CPU
		Release|Any CPU = Release|Any CPU
	EndGlobalSection
	GlobalSection(ProjectConfigurationPlatforms) = postSolution
		{5834439F-74FB-49D7-B02B-6DE96722B87B}.Debug|Any CPU.ActiveCfg = Debug|Any CPU
		{5834439F-74FB-49D7-B02B-6DE96722B87B}.Debug|Any CPU.Build.0 = Debug|Any CPU
		{5834439F-74FB-49D7-B02B-6DE96722B87B}.Release|Any CPU.ActiveCfg = Release|Any CPU
		{5834439F-74FB-49D7-B02B-6DE96722B87B}.Release|Any CPU.Build.0 = Release|Any CPU
		{06688151-F191-452E-9BAE-12CADD1FA1F5}.Debug|Any CPU.ActiveCfg = Debug|Any CPU
		{06688151-F191-452E-9BAE-12CADD1FA1F5}.Debug|Any CPU.Build.0 = Debug|Any CPU
		{06688151-F191-452E-9BAE-12CADD1FA1F5}.Release|Any CPU.ActiveCfg = Release|Any CPU
		{06688151-F191-452E-9BAE-12CADD1FA1F5}.Release|Any CPU.Build.0 = Release|Any CPU
	EndGlobalSection
	GlobalSection(SolutionProperties) = preSolution
		HideSolutionNode = FALSE
	EndGlobalSection
	GlobalSection(ExtensibilityGlobals) = postSolution
		SolutionGuid = {583C7D5F-89E8-42B2-A603-94249F93D564}
	EndGlobalSection
EndGlobal
