
Microsoft Visual Studio Solution File, Format Version 12.00
# Visual Studio Version 16
VisualStudioVersion = 16.0.30907.101
MinimumVisualStudioVersion = 10.0.40219.1
Project("{FAE04EC0-301F-11D3-BF4B-00C04F79EFBC}") = "BMI Calculator", "BMI Calculator.csproj", "{F31FFE62-2B73-4037-B67D-5478A7A3641C}"
EndProject
Global
	GlobalSection(SolutionConfigurationPlatforms) = preSolution
		Debug|Any CPU = Debug|Any CPU
		Release|Any CPU = Release|Any CPU
	EndGlobalSection
	GlobalSection(ProjectConfigurationPlatforms) = postSolution
		{F31FFE62-2B73-4037-B67D-5478A7A3641C}.Debug|Any CPU.ActiveCfg = Debug|Any CPU
		{F31FFE62-2B73-4037-B67D-5478A7A3641C}.Debug|Any CPU.Build.0 = Debug|Any CPU
		{F31FFE62-2B73-4037-B67D-5478A7A3641C}.Release|Any CPU.ActiveCfg = Release|Any CPU
		{F31FFE62-2B73-4037-B67D-5478A7A3641C}.Release|Any CPU.Build.0 = Release|Any CPU
	EndGlobalSection
	GlobalSection(SolutionProperties) = preSolution
		HideSolutionNode = FALSE
	EndGlobalSection
	GlobalSection(ExtensibilityGlobals) = postSolution
		SolutionGuid = {17185E58-F991-4C57-AA74-DC65936052B0}
	EndGlobalSection
EndGlobal
