
Microsoft Visual Studio Solution File, Format Version 12.00
# Visual Studio Version 16
VisualStudioVersion = 16.0.30907.101
MinimumVisualStudioVersion = 10.0.40219.1
Project("{FAE04EC0-301F-11D3-BF4B-00C04F79EFBC}") = "Sorting Records", "Sorting Records.csproj", "{F00D41A6-D650-49DD-8642-012D8B8C399D}"
EndProject
Global
	GlobalSection(SolutionConfigurationPlatforms) = preSolution
		Debug|Any CPU = Debug|Any CPU
		Release|Any CPU = Release|Any CPU
	EndGlobalSection
	GlobalSection(ProjectConfigurationPlatforms) = postSolution
		{F00D41A6-D650-49DD-8642-012D8B8C399D}.Debug|Any CPU.ActiveCfg = Debug|Any CPU
		{F00D41A6-D650-49DD-8642-012D8B8C399D}.Debug|Any CPU.Build.0 = Debug|Any CPU
		{F00D41A6-D650-49DD-8642-012D8B8C399D}.Release|Any CPU.ActiveCfg = Release|Any CPU
		{F00D41A6-D650-49DD-8642-012D8B8C399D}.Release|Any CPU.Build.0 = Release|Any CPU
	EndGlobalSection
	GlobalSection(SolutionProperties) = preSolution
		HideSolutionNode = FALSE
	EndGlobalSection
	GlobalSection(ExtensibilityGlobals) = postSolution
		SolutionGuid = {DB12DF9D-E7E7-4FE2-AB8F-2D9D2CF8D575}
	EndGlobalSection
EndGlobal
