
Microsoft Visual Studio Solution File, Format Version 12.00
# Visual Studio Version 16
VisualStudioVersion = 16.0.30907.101
MinimumVisualStudioVersion = 10.0.40219.1
Project("{FAE04EC0-301F-11D3-BF4B-00C04F79EFBC}") = "Password Strength", "Password Strength.csproj", "{23EF0A51-B887-4AEF-9632-87BA71DA8CF3}"
EndProject
Global
	GlobalSection(SolutionConfigurationPlatforms) = preSolution
		Debug|Any CPU = Debug|Any CPU
		Release|Any CPU = Release|Any CPU
	EndGlobalSection
	GlobalSection(ProjectConfigurationPlatforms) = postSolution
		{23EF0A51-B887-4AEF-9632-87BA71DA8CF3}.Debug|Any CPU.ActiveCfg = Debug|Any CPU
		{23EF0A51-B887-4AEF-9632-87BA71DA8CF3}.Debug|Any CPU.Build.0 = Debug|Any CPU
		{23EF0A51-B887-4AEF-9632-87BA71DA8CF3}.Release|Any CPU.ActiveCfg = Release|Any CPU
		{23EF0A51-B887-4AEF-9632-87BA71DA8CF3}.Release|Any CPU.Build.0 = Release|Any CPU
	EndGlobalSection
	GlobalSection(SolutionProperties) = preSolution
		HideSolutionNode = FALSE
	EndGlobalSection
	GlobalSection(ExtensibilityGlobals) = postSolution
		SolutionGuid = {9F88A280-E8C6-43C3-9D44-E49DA39D32FC}
	EndGlobalSection
EndGlobal
